// !$*UTF8*$!
{
	archiveVersion = 1;
	classes = {
	};
	objectVersion = 77;
	objects = {

/* Begin PBXBuildFile section */
		0B0EC2722F72210B004523FA /* Assets.xcassets in Resources */ = {isa = PBXBuildFile; fileRef = 0B0EC2712F72210B004523FA /* Assets.xcassets */; };
		0B0EC28A2F722491004523FA /* ImportView.swift in Sources */ = {isa = PBXBuildFile; fileRef = 0B0EC2872F722491004523FA /* ImportView.swift */; };
		0B0EC28B2F722491004523FA /* ExportSheet.swift in Sources */ = {isa = PBXBuildFile; fileRef = 0B0EC2842F722491004523FA /* ExportSheet.swift */; };
		0B0EC28C2F722491004523FA /* ShotGrouper.swift in Sources */ = {isa = PBXBuildFile; fileRef = 0B0EC2802F722491004523FA /* ShotGrouper.swift */; };
		0B0EC28D2F722491004523FA /* Photo.swift in Sources */ = {isa = PBXBuildFile; fileRef = 0B0EC27A2F722491004523FA /* Photo.swift */; };
		0B0EC28E2F722491004523FA /* GroupListView.swift in Sources */ = {isa = PBXBuildFile; fileRef = 0B0EC2862F722491004523FA /* GroupListView.swift */; };
		0B0EC28F2F722491004523FA /* GroupDetailView.swift in Sources */ = {isa = PBXBuildFile; fileRef = 0B0EC2852F722491004523FA /* GroupDetailView.swift */; };
		0B0EC2902F722491004523FA /* PhotoViewer.swift in Sources */ = {isa = PBXBuildFile; fileRef = 0B0EC2882F722491004523FA /* PhotoViewer.swift */; };
		0B0EC2912F722491004523FA /* QualityAnalyzer.swift in Sources */ = {isa = PBXBuildFile; fileRef = 0B0EC27F2F722491004523FA /* QualityAnalyzer.swift */; };
		0B0EC2922F722491004523FA /* CullApp.swift in Sources */ = {isa = PBXBuildFile; fileRef = 0B0EC2782F722491004523FA /* CullApp.swift */; };
		0B0EC2932F722491004523FA /* ContentView.swift in Sources */ = {isa = PBXBuildFile; fileRef = 0B0EC2832F722491004523FA /* ContentView.swift */; };
		0B0EC2942F722491004523FA /* CullSession.swift in Sources */ = {isa = PBXBuildFile; fileRef = 0B0EC2792F722491004523FA /* CullSession.swift */; };
		0B0EC2952F722491004523FA /* PhotoGroup.swift in Sources */ = {isa = PBXBuildFile; fileRef = 0B0EC27B2F722491004523FA /* PhotoGroup.swift */; };
		0B0EC2962F722491004523FA /* PhotoImporter.swift in Sources */ = {isa = PBXBuildFile; fileRef = 0B0EC27E2F722491004523FA /* PhotoImporter.swift */; };
		0B0EC2972F722491004523FA /* PhotoExporter.swift in Sources */ = {isa = PBXBuildFile; fileRef = 0B0EC27D2F722491004523FA /* PhotoExporter.swift */; };
		0B0EC2982F722491004523FA /* ThumbnailCache.swift in Sources */ = {isa = PBXBuildFile; fileRef = 0B0EC2812F722491004523FA /* ThumbnailCache.swift */; };
		0B0EC2A12F72570F004523FA /* icon.icon in Resources */ = {isa = PBXBuildFile; fileRef = 0B0EC2A02F72570F004523FA /* icon.icon */; };
		0B0EC2A52F727789004523FA /* WorkspaceDB.swift in Sources */ = {isa = PBXBuildFile; fileRef = 0B0EC2A42F727789004523FA /* WorkspaceDB.swift */; };
		0B0EC2A72F7314F5004523FA /* XMPSidecar.swift in Sources */ = {isa = PBXBuildFile; fileRef = 0B0EC2A62F7314F5004523FA /* XMPSidecar.swift */; };
		0B0EC2A92F73150B004523FA /* SettingsView.swift in Sources */ = {isa = PBXBuildFile; fileRef = 0B0EC2A82F73150B004523FA /* SettingsView.swift */; };
		BB000001SPARKLE00000001 /* Sparkle in Frameworks */ = {isa = PBXBuildFile; productRef = BB000002SPARKLE00000002 /* Sparkle */; };
/* End PBXBuildFile section */

/* Begin PBXFileReference section */
		0B0EC2712F72210B004523FA /* Assets.xcassets */ = {isa = PBXFileReference; lastKnownFileType = folder.assetcatalog; path = Assets.xcassets; sourceTree = "<group>"; };
		0B0EC2782F722491004523FA /* CullApp.swift */ = {isa = PBXFileReference; lastKnownFileType = sourcecode.swift; path = CullApp.swift; sourceTree = "<group>"; };
		0B0EC2792F722491004523FA /* CullSession.swift */ = {isa = PBXFileReference; lastKnownFileType = sourcecode.swift; path = CullSession.swift; sourceTree = "<group>"; };
		0B0EC27A2F722491004523FA /* Photo.swift */ = {isa = PBXFileReference; lastKnownFileType = sourcecode.swift; path = Photo.swift; sourceTree = "<group>"; };
		0B0EC27B2F722491004523FA /* PhotoGroup.swift */ = {isa = PBXFileReference; lastKnownFileType = sourcecode.swift; path = PhotoGroup.swift; sourceTree = "<group>"; };
		0B0EC27D2F722491004523FA /* PhotoExporter.swift */ = {isa = PBXFileReference; lastKnownFileType = sourcecode.swift; path = PhotoExporter.swift; sourceTree = "<group>"; };
		0B0EC27E2F722491004523FA /* PhotoImporter.swift */ = {isa = PBXFileReference; lastKnownFileType = sourcecode.swift; path = PhotoImporter.swift; sourceTree = "<group>"; };
		0B0EC27F2F722491004523FA /* QualityAnalyzer.swift */ = {isa = PBXFileReference; lastKnownFileType = sourcecode.swift; path = QualityAnalyzer.swift; sourceTree = "<group>"; };
		0B0EC2802F722491004523FA /* ShotGrouper.swift */ = {isa = PBXFileReference; lastKnownFileType = sourcecode.swift; path = ShotGrouper.swift; sourceTree = "<group>"; };
		0B0EC2812F722491004523FA /* ThumbnailCache.swift */ = {isa = PBXFileReference; lastKnownFileType = sourcecode.swift; path = ThumbnailCache.swift; sourceTree = "<group>"; };
		0B0EC2832F722491004523FA /* ContentView.swift */ = {isa = PBXFileReference; lastKnownFileType = sourcecode.swift; path = ContentView.swift; sourceTree = "<group>"; };
		0B0EC2842F722491004523FA /* ExportSheet.swift */ = {isa = PBXFileReference; lastKnownFileType = sourcecode.swift; path = ExportSheet.swift; sourceTree = "<group>"; };
		0B0EC2852F722491004523FA /* GroupDetailView.swift */ = {isa = PBXFileReference; lastKnownFileType = sourcecode.swift; path = GroupDetailView.swift; sourceTree = "<group>"; };
		0B0EC2862F722491004523FA /* GroupListView.swift */ = {isa = PBXFileReference; lastKnownFileType = sourcecode.swift; path = GroupListView.swift; sourceTree = "<group>"; };
		0B0EC2872F722491004523FA /* ImportView.swift */ = {isa = PBXFileReference; lastKnownFileType = sourcecode.swift; path = ImportView.swift; sourceTree = "<group>"; };
		0B0EC2882F722491004523FA /* PhotoViewer.swift */ = {isa = PBXFileReference; lastKnownFileType = sourcecode.swift; path = PhotoViewer.swift; sourceTree = "<group>"; };
		0B0EC2992F724FE5004523FA /* cull.app */ = {isa = PBXFileReference; explicitFileType = wrapper.application; includeInIndex = 0; path = cull.app; sourceTree = BUILT_PRODUCTS_DIR; };
		0B0EC2A02F72570F004523FA /* icon.icon */ = {isa = PBXFileReference; lastKnownFileType = folder.iconcomposer.icon; path = icon.icon; sourceTree = "<group>"; };
		0B0EC2A42F727789004523FA /* WorkspaceDB.swift */ = {isa = PBXFileReference; lastKnownFileType = sourcecode.swift; path = WorkspaceDB.swift; sourceTree = "<group>"; };
		0B0EC2A62F7314F5004523FA /* XMPSidecar.swift */ = {isa = PBXFileReference; lastKnownFileType = sourcecode.swift; path = XMPSidecar.swift; sourceTree = "<group>"; };
		0B0EC2A82F73150B004523FA /* SettingsView.swift */ = {isa = PBXFileReference; lastKnownFileType = sourcecode.swift; path = SettingsView.swift; sourceTree = "<group>"; };
/* End PBXFileReference section */

/* Begin PBXFrameworksBuildPhase section */
		0B0EC2672F722109004523FA /* Frameworks */ = {
			isa = PBXFrameworksBuildPhase;
			buildActionMask = 2147483647;
			files = (
				BB000001SPARKLE00000001 /* Sparkle in Frameworks */,
			);
			runOnlyForDeploymentPostprocessing = 0;
		};
/* End PBXFrameworksBuildPhase section */

/* Begin PBXGroup section */
		0B0EC2612F722109004523FA = {
			isa = PBXGroup;
			children = (
				0B0EC2A02F72570F004523FA /* icon.icon */,
				0B0EC2712F72210B004523FA /* Assets.xcassets */,
				0B0EC2782F722491004523FA /* CullApp.swift */,
				0B0EC27C2F722491004523FA /* Models */,
				0B0EC2822F722491004523FA /* Services */,
				0B0EC2892F722491004523FA /* Views */,
				0B0EC2992F724FE5004523FA /* cull.app */,
			);
			sourceTree = "<group>";
		};
		0B0EC27C2F722491004523FA /* Models */ = {
			isa = PBXGroup;
			children = (
				0B0EC2792F722491004523FA /* CullSession.swift */,
				0B0EC27A2F722491004523FA /* Photo.swift */,
				0B0EC27B2F722491004523FA /* PhotoGroup.swift */,
			);
			path = Models;
			sourceTree = "<group>";
		};
		0B0EC2822F722491004523FA /* Services */ = {
			isa = PBXGroup;
			children = (
				0B0EC2A62F7314F5004523FA /* XMPSidecar.swift */,
				0B0EC2A42F727789004523FA /* WorkspaceDB.swift */,
				0B0EC27D2F722491004523FA /* PhotoExporter.swift */,
				0B0EC27E2F722491004523FA /* PhotoImporter.swift */,
				0B0EC27F2F722491004523FA /* QualityAnalyzer.swift */,
				0B0EC2802F722491004523FA /* ShotGrouper.swift */,
				0B0EC2812F722491004523FA /* ThumbnailCache.swift */,
			);
			path = Services;
			sourceTree = "<group>";
		};
		0B0EC2892F722491004523FA /* Views */ = {
			isa = PBXGroup;
			children = (
				0B0EC2A82F73150B004523FA /* SettingsView.swift */,
				0B0EC2832F722491004523FA /* ContentView.swift */,
				0B0EC2842F722491004523FA /* ExportSheet.swift */,
				0B0EC2852F722491004523FA /* GroupDetailView.swift */,
				0B0EC2862F722491004523FA /* GroupListView.swift */,
				0B0EC2872F722491004523FA /* ImportView.swift */,
				0B0EC2882F722491004523FA /* PhotoViewer.swift */,
			);
			path = Views;
			sourceTree = "<group>";
		};
/* End PBXGroup section */

/* Begin PBXNativeTarget section */
		0B0EC2692F722109004523FA /* cull */ = {
			isa = PBXNativeTarget;
			buildConfigurationList = 0B0EC2752F72210B004523FA /* Build configuration list for PBXNativeTarget "cull" */;
			buildPhases = (
				0B0EC2662F722109004523FA /* Sources */,
				0B0EC2672F722109004523FA /* Frameworks */,
				0B0EC2682F722109004523FA /* Resources */,
			);
			buildRules = (
			);
			dependencies = (
			);
			name = cull;
			packageProductDependencies = (
				BB000002SPARKLE00000002 /* Sparkle */,
			);
			productName = cull;
			productReference = 0B0EC2992F724FE5004523FA /* cull.app */;
			productType = "com.apple.product-type.application";
		};
/* End PBXNativeTarget section */

/* Begin PBXProject section */
		0B0EC2622F722109004523FA /* Project object */ = {
			isa = PBXProject;
			attributes = {
				BuildIndependentTargetsInParallel = 1;
				LastSwiftUpdateCheck = 2630;
				LastUpgradeCheck = 2630;
				TargetAttributes = {
					0B0EC2692F722109004523FA = {
						CreatedOnToolsVersion = 26.3;
					};
				};
			};
			buildConfigurationList = 0B0EC2652F722109004523FA /* Build configuration list for PBXProject "cull" */;
			developmentRegion = en;
			hasScannedForEncodings = 0;
			knownRegions = (
				en,
				Base,
			);
			mainGroup = 0B0EC2612F722109004523FA;
			minimizedProjectReferenceProxies = 1;
			packageReferences = (
				BB000003SPARKLE00000003 /* XCRemoteSwiftPackageReference "Sparkle" */,
			);
			preferredProjectObjectVersion = 77;
			productRefGroup = 0B0EC2612F722109004523FA;
			projectDirPath = "";
			projectRoot = "";
			targets = (
				0B0EC2692F722109004523FA /* cull */,
			);
		};
/* End PBXProject section */

/* Begin PBXResourcesBuildPhase section */
		0B0EC2682F722109004523FA /* Resources */ = {
			isa = PBXResourcesBuildPhase;
			buildActionMask = 2147483647;
			files = (
				0B0EC2722F72210B004523FA /* Assets.xcassets in Resources */,
				0B0EC2A12F72570F004523FA /* icon.icon in Resources */,
			);
			runOnlyForDeploymentPostprocessing = 0;
		};
/* End PBXResourcesBuildPhase section */

/* Begin PBXSourcesBuildPhase section */
		0B0EC2662F722109004523FA /* Sources */ = {
			isa = PBXSourcesBuildPhase;
			buildActionMask = 2147483647;
			files = (
				0B0EC28A2F722491004523FA /* ImportView.swift in Sources */,
				0B0EC2A52F727789004523FA /* WorkspaceDB.swift in Sources */,
				0B0EC28B2F722491004523FA /* ExportSheet.swift in Sources */,
				0B0EC2A92F73150B004523FA /* SettingsView.swift in Sources */,
				0B0EC2A72F7314F5004523FA /* XMPSidecar.swift in Sources */,
				0B0EC28C2F722491004523FA /* ShotGrouper.swift in Sources */,
				0B0EC28D2F722491004523FA /* Photo.swift in Sources */,
				0B0EC28E2F722491004523FA /* GroupListView.swift in Sources */,
				0B0EC28F2F722491004523FA /* GroupDetailView.swift in Sources */,
				0B0EC2902F722491004523FA /* PhotoViewer.swift in Sources */,
				0B0EC2912F722491004523FA /* QualityAnalyzer.swift in Sources */,
				0B0EC2922F722491004523FA /* CullApp.swift in Sources */,
				0B0EC2932F722491004523FA /* ContentView.swift in Sources */,
				0B0EC2942F722491004523FA /* CullSession.swift in Sources */,
				0B0EC2952F722491004523FA /* PhotoGroup.swift in Sources */,
				0B0EC2962F722491004523FA /* PhotoImporter.swift in Sources */,
				0B0EC2972F722491004523FA /* PhotoExporter.swift in Sources */,
				0B0EC2982F722491004523FA /* ThumbnailCache.swift in Sources */,
			);
			runOnlyForDeploymentPostprocessing = 0;
		};
/* End PBXSourcesBuildPhase section */

/* Begin XCBuildConfiguration section */
		0B0EC2732F72210B004523FA /* Debug */ = {
			isa = XCBuildConfiguration;
			buildSettings = {
				ALWAYS_SEARCH_USER_PATHS = NO;
				ASSETCATALOG_COMPILER_GENERATE_SWIFT_ASSET_SYMBOL_EXTENSIONS = YES;
				CLANG_ANALYZER_NONNULL = YES;
				CLANG_ANALYZER_NUMBER_OBJECT_CONVERSION = YES_AGGRESSIVE;
				CLANG_CXX_LANGUAGE_STANDARD = "gnu++20";
				CLANG_ENABLE_MODULES = YES;
				CLANG_ENABLE_OBJC_ARC = YES;
				CLANG_ENABLE_OBJC_WEAK = YES;
				CLANG_WARN_BLOCK_CAPTURE_AUTORELEASING = YES;
				CLANG_WARN_BOOL_CONVERSION = YES;
				CLANG_WARN_COMMA = YES;
				CLANG_WARN_CONSTANT_CONVERSION = YES;
				CLANG_WARN_DEPRECATED_OBJC_IMPLEMENTATIONS = YES;
				CLANG_WARN_DIRECT_OBJC_ISA_USAGE = YES_ERROR;
				CLANG_WARN_DOCUMENTATION_COMMENTS = YES;
				CLANG_WARN_EMPTY_BODY = YES;
				CLANG_WARN_ENUM_CONVERSION = YES;
				CLANG_WARN_INFINITE_RECURSION = YES;
				CLANG_WARN_INT_CONVERSION = YES;
				CLANG_WARN_NON_LITERAL_NULL_CONVERSION = YES;
				CLANG_WARN_OBJC_IMPLICIT_RETAIN_SELF = YES;
				CLANG_WARN_OBJC_LITERAL_CONVERSION = YES;
				CLANG_WARN_OBJC_ROOT_CLASS = YES_ERROR;
				CLANG_WARN_QUOTED_INCLUDE_IN_FRAMEWORK_HEADER = YES;
				CLANG_WARN_RANGE_LOOP_ANALYSIS = YES;
				CLANG_WARN_STRICT_PROTOTYPES = YES;
				CLANG_WARN_SUSPICIOUS_MOVE = YES;
				CLANG_WARN_UNGUARDED_AVAILABILITY = YES_AGGRESSIVE;
				CLANG_WARN_UNREACHABLE_CODE = YES;
				CLANG_WARN__DUPLICATE_METHOD_MATCH = YES;
				COPY_PHASE_STRIP = NO;
				DEBUG_INFORMATION_FORMAT = dwarf;
				DEVELOPMENT_TEAM = M67B42LX8D;
				ENABLE_STRICT_OBJC_MSGSEND = YES;
				ENABLE_TESTABILITY = YES;
				ENABLE_USER_SCRIPT_SANDBOXING = YES;
				GCC_C_LANGUAGE_STANDARD = gnu17;
				GCC_DYNAMIC_NO_PIC = NO;
				GCC_NO_COMMON_BLOCKS = YES;
				GCC_OPTIMIZATION_LEVEL = 0;
				GCC_PREPROCESSOR_DEFINITIONS = (
					"DEBUG=1",
					"$(inherited)",
				);
				GCC_WARN_64_TO_32_BIT_CONVERSION = YES;
				GCC_WARN_ABOUT_RETURN_TYPE = YES_ERROR;
				GCC_WARN_UNDECLARED_SELECTOR = YES;
				GCC_WARN_UNINITIALIZED_AUTOS = YES_AGGRESSIVE;
				GCC_WARN_UNUSED_FUNCTION = YES;
				GCC_WARN_UNUSED_VARIABLE = YES;
				LOCALIZATION_PREFERS_STRING_CATALOGS = YES;
				MACOSX_DEPLOYMENT_TARGET = 26.2;
				MTL_ENABLE_DEBUG_INFO = INCLUDE_SOURCE;
				MTL_FAST_MATH = YES;
				ONLY_ACTIVE_ARCH = YES;
				SDKROOT = macosx;
				SWIFT_ACTIVE_COMPILATION_CONDITIONS = "DEBUG $(inherited)";
				SWIFT_OPTIMIZATION_LEVEL = "-Onone";
			};
			name = Debug;
		};
		0B0EC2742F72210B004523FA /* Release */ = {
			isa = XCBuildConfiguration;
			buildSettings = {
				ALWAYS_SEARCH_USER_PATHS = NO;
				ASSETCATALOG_COMPILER_GENERATE_SWIFT_ASSET_SYMBOL_EXTENSIONS = YES;
				CLANG_ANALYZER_NONNULL = YES;
				CLANG_ANALYZER_NUMBER_OBJECT_CONVERSION = YES_AGGRESSIVE;
				CLANG_CXX_LANGUAGE_STANDARD = "gnu++20";
				CLANG_ENABLE_MODULES = YES;
				CLANG_ENABLE_OBJC_ARC = YES;
				CLANG_ENABLE_OBJC_WEAK = YES;
				CLANG_WARN_BLOCK_CAPTURE_AUTORELEASING = YES;
				CLANG_WARN_BOOL_CONVERSION = YES;
				CLANG_WARN_COMMA = YES;
				CLANG_WARN_CONSTANT_CONVERSION = YES;
				CLANG_WARN_DEPRECATED_OBJC_IMPLEMENTATIONS = YES;
				CLANG_WARN_DIRECT_OBJC_ISA_USAGE = YES_ERROR;
				CLANG_WARN_DOCUMENTATION_COMMENTS = YES;
				CLANG_WARN_EMPTY_BODY = YES;
				CLANG_WARN_ENUM_CONVERSION = YES;
				CLANG_WARN_INFINITE_RECURSION = YES;
				CLANG_WARN_INT_CONVERSION = YES;
				CLANG_WARN_NON_LITERAL_NULL_CONVERSION = YES;
				CLANG_WARN_OBJC_IMPLICIT_RETAIN_SELF = YES;
				CLANG_WARN_OBJC_LITERAL_CONVERSION = YES;
				CLANG_WARN_OBJC_ROOT_CLASS = YES_ERROR;
				CLANG_WARN_QUOTED_INCLUDE_IN_FRAMEWORK_HEADER = YES;
				CLANG_WARN_RANGE_LOOP_ANALYSIS = YES;
				CLANG_WARN_STRICT_PROTOTYPES = YES;
				CLANG_WARN_SUSPICIOUS_MOVE = YES;
				CLANG_WARN_UNGUARDED_AVAILABILITY = YES_AGGRESSIVE;
				CLANG_WARN_UNREACHABLE_CODE = YES;
				CLANG_WARN__DUPLICATE_METHOD_MATCH = YES;
				COPY_PHASE_STRIP = NO;
				DEBUG_INFORMATION_FORMAT = "dwarf-with-dsym";
				DEVELOPMENT_TEAM = M67B42LX8D;
				ENABLE_NS_ASSERTIONS = NO;
				ENABLE_STRICT_OBJC_MSGSEND = YES;
				ENABLE_USER_SCRIPT_SANDBOXING = YES;
				GCC_C_LANGUAGE_STANDARD = gnu17;
				GCC_NO_COMMON_BLOCKS = YES;
				GCC_WARN_64_TO_32_BIT_CONVERSION = YES;
				GCC_WARN_ABOUT_RETURN_TYPE = YES_ERROR;
				GCC_WARN_UNDECLARED_SELECTOR = YES;
				GCC_WARN_UNINITIALIZED_AUTOS = YES_AGGRESSIVE;
				GCC_WARN_UNUSED_FUNCTION = YES;
				GCC_WARN_UNUSED_VARIABLE = YES;
				LOCALIZATION_PREFERS_STRING_CATALOGS = YES;
				MACOSX_DEPLOYMENT_TARGET = 26.2;
				MTL_ENABLE_DEBUG_INFO = NO;
				MTL_FAST_MATH = YES;
				SDKROOT = macosx;
				SWIFT_COMPILATION_MODE = wholemodule;
			};
			name = Release;
		};
		0B0EC2762F72210B004523FA /* Debug */ = {
			isa = XCBuildConfiguration;
			buildSettings = {
				ASSETCATALOG_COMPILER_APPICON_NAME = icon;
				ASSETCATALOG_COMPILER_GLOBAL_ACCENT_COLOR_NAME = AccentColor;
				CODE_SIGN_STYLE = Automatic;
				COMBINE_HIDPI_IMAGES = YES;
				CURRENT_PROJECT_VERSION = 2;
				DEVELOPMENT_TEAM = M67B42LX8D;
				ENABLE_APP_SANDBOX = YES;
				ENABLE_HARDENED_RUNTIME = YES;
				ENABLE_INCOMING_NETWORK_CONNECTIONS = NO;
				ENABLE_OUTGOING_NETWORK_CONNECTIONS = YES;
				ENABLE_PREVIEWS = YES;
				ENABLE_RESOURCE_ACCESS_AUDIO_INPUT = NO;
				ENABLE_RESOURCE_ACCESS_BLUETOOTH = NO;
				ENABLE_RESOURCE_ACCESS_CALENDARS = NO;
				ENABLE_RESOURCE_ACCESS_CAMERA = NO;
				ENABLE_RESOURCE_ACCESS_CONTACTS = NO;
				ENABLE_RESOURCE_ACCESS_LOCATION = NO;
				ENABLE_RESOURCE_ACCESS_PRINTING = NO;
				ENABLE_RESOURCE_ACCESS_USB = NO;
				ENABLE_USER_SELECTED_FILES = readwrite;
				GENERATE_INFOPLIST_FILE = YES;
				INFOPLIST_FILE = Info.plist;
				INFOPLIST_KEY_CFBundleDisplayName = Cull;
				INFOPLIST_KEY_LSApplicationCategoryType = "public.app-category.photography";
				INFOPLIST_KEY_NSHumanReadableCopyright = "";
				LD_RUNPATH_SEARCH_PATHS = (
					"$(inherited)",
					"@executable_path/../Frameworks",
				);
				MARKETING_VERSION = 0.1.1;
				PRODUCT_BUNDLE_IDENTIFIER = sh.dunkirk.cull;
				PRODUCT_NAME = "$(TARGET_NAME)";
				REGISTER_APP_GROUPS = YES;
				STRING_CATALOG_GENERATE_SYMBOLS = YES;
				SWIFT_APPROACHABLE_CONCURRENCY = YES;
				SWIFT_DEFAULT_ACTOR_ISOLATION = MainActor;
				SWIFT_EMIT_LOC_STRINGS = YES;
				SWIFT_UPCOMING_FEATURE_MEMBER_IMPORT_VISIBILITY = YES;
				SWIFT_VERSION = 5.0;
			};
			name = Debug;
		};
		0B0EC2772F72210B004523FA /* Release */ = {
			isa = XCBuildConfiguration;
			buildSettings = {
				ASSETCATALOG_COMPILER_APPICON_NAME = icon;
				ASSETCATALOG_COMPILER_GLOBAL_ACCENT_COLOR_NAME = AccentColor;
				CODE_SIGN_STYLE = Automatic;
				COMBINE_HIDPI_IMAGES = YES;
				CURRENT_PROJECT_VERSION = 2;
				DEVELOPMENT_TEAM = M67B42LX8D;
				ENABLE_APP_SANDBOX = YES;
				ENABLE_HARDENED_RUNTIME = YES;
				ENABLE_INCOMING_NETWORK_CONNECTIONS = NO;
				ENABLE_OUTGOING_NETWORK_CONNECTIONS = YES;
				ENABLE_PREVIEWS = YES;
				ENABLE_RESOURCE_ACCESS_AUDIO_INPUT = NO;
				ENABLE_RESOURCE_ACCESS_BLUETOOTH = NO;
				ENABLE_RESOURCE_ACCESS_CALENDARS = NO;
				ENABLE_RESOURCE_ACCESS_CAMERA = NO;
				ENABLE_RESOURCE_ACCESS_CONTACTS = NO;
				ENABLE_RESOURCE_ACCESS_LOCATION = NO;
				ENABLE_RESOURCE_ACCESS_PRINTING = NO;
				ENABLE_RESOURCE_ACCESS_USB = NO;
				ENABLE_USER_SELECTED_FILES = readwrite;
				GENERATE_INFOPLIST_FILE = YES;
				INFOPLIST_FILE = Info.plist;
				INFOPLIST_KEY_CFBundleDisplayName = Cull;
				INFOPLIST_KEY_LSApplicationCategoryType = "public.app-category.photography";
				INFOPLIST_KEY_NSHumanReadableCopyright = "";
				LD_RUNPATH_SEARCH_PATHS = (
					"$(inherited)",
					"@executable_path/../Frameworks",
				);
				MARKETING_VERSION = 0.1.1;
				PRODUCT_BUNDLE_IDENTIFIER = sh.dunkirk.cull;
				PRODUCT_NAME = "$(TARGET_NAME)";
				REGISTER_APP_GROUPS = YES;
				STRING_CATALOG_GENERATE_SYMBOLS = YES;
				SWIFT_APPROACHABLE_CONCURRENCY = YES;
				SWIFT_DEFAULT_ACTOR_ISOLATION = MainActor;
				SWIFT_EMIT_LOC_STRINGS = YES;
				SWIFT_UPCOMING_FEATURE_MEMBER_IMPORT_VISIBILITY = YES;
				SWIFT_VERSION = 5.0;
			};
			name = Release;
		};
/* End XCBuildConfiguration section */

/* Begin XCConfigurationList section */
		0B0EC2652F722109004523FA /* Build configuration list for PBXProject "cull" */ = {
			isa = XCConfigurationList;
			buildConfigurations = (
				0B0EC2732F72210B004523FA /* Debug */,
				0B0EC2742F72210B004523FA /* Release */,
			);
			defaultConfigurationIsVisible = 0;
			defaultConfigurationName = Release;
		};
		0B0EC2752F72210B004523FA /* Build configuration list for PBXNativeTarget "cull" */ = {
			isa = XCConfigurationList;
			buildConfigurations = (
				0B0EC2762F72210B004523FA /* Debug */,
				0B0EC2772F72210B004523FA /* Release */,
			);
			defaultConfigurationIsVisible = 0;
			defaultConfigurationName = Release;
		};
/* End XCConfigurationList section */

/* Begin XCRemoteSwiftPackageReference section */
		BB000003SPARKLE00000003 /* XCRemoteSwiftPackageReference "Sparkle" */ = {
			isa = XCRemoteSwiftPackageReference;
			repositoryURL = "https://github.com/sparkle-project/Sparkle";
			requirement = {
				kind = upToNextMajorVersion;
				minimumVersion = 2.6.4;
			};
		};
/* End XCRemoteSwiftPackageReference section */

/* Begin XCSwiftPackageProductDependency section */
		BB000002SPARKLE00000002 /* Sparkle */ = {
			isa = XCSwiftPackageProductDependency;
			package = BB000003SPARKLE00000003 /* XCRemoteSwiftPackageReference "Sparkle" */;
			productName = Sparkle;
		};
/* End XCSwiftPackageProductDependency section */
	};
	rootObject = 0B0EC2622F722109004523FA /* Project object */;
}
